
Microsoft Visual Studio Solution File, Format Version 12.00
# Visual Studio Version 16
VisualStudioVersion = 16.0.30907.101
MinimumVisualStudioVersion = 10.0.40219.1
Project("{FAE04EC0-301F-11D3-BF4B-00C04F79EFBC}") = "FizzBuzz", "FizzBuzz\FizzBuzz.csproj", "{076121F7-D393-4165-8C3A-1E42D25599E4}"
EndProject
Global
	GlobalSection(SolutionConfigurationPlatforms) = preSolution
		Debug|Any CPU = Debug|Any CPU
		Release|Any CPU = Release|Any CPU
	EndGlobalSection
	GlobalSection(ProjectConfigurationPlatforms) = postSolution
		{076121F7-D393-4165-8C3A-1E42D25599E4}.Debug|Any CPU.ActiveCfg = Debug|Any CPU
		{076121F7-D393-4165-8C3A-1E42D25599E4}.Debug|Any CPU.Build.0 = Debug|Any CPU
		{076121F7-D393-4165-8C3A-1E42D25599E4}.Release|Any CPU.ActiveCfg = Release|Any CPU
		{076121F7-D393-4165-8C3A-1E42D25599E4}.Release|Any CPU.Build.0 = Release|Any CPU
	EndGlobalSection
	GlobalSection(SolutionProperties) = preSolution
		HideSolutionNode = FALSE
	EndGlobalSection
	GlobalSection(ExtensibilityGlobals) = postSolution
		SolutionGuid = {254AD275-2BFA-4486-AB84-412D1FAE735B}
	EndGlobalSection
EndGlobal
